// !$*UTF8*$!
{
	archiveVersion = 1;
	classes = {
	};
	objectVersion = 50;
	objects = {

/* Begin PBXBuildFile section */
		A90979EB2500C0D000E2810E /* Person+CoreDataClass.swift in Sources */ = {isa = PBXBuildFile; fileRef = A90979E72500C0D000E2810E /* Person+CoreDataClass.swift */; };
		A90979EC2500C0D000E2810E /* Person+CoreDataProperties.swift in Sources */ = {isa = PBXBuildFile; fileRef = A90979E82500C0D000E2810E /* Person+CoreDataProperties.swift */; };
		A90979ED2500C0D000E2810E /* Family+CoreDataClass.swift in Sources */ = {isa = PBXBuildFile; fileRef = A90979E92500C0D000E2810E /* Family+CoreDataClass.swift */; };
		A90979EE2500C0D000E2810E /* Family+CoreDataProperties.swift in Sources */ = {isa = PBXBuildFile; fileRef = A90979EA2500C0D000E2810E /* Family+CoreDataProperties.swift */; };
		A916A65724F920C300D25F02 /* AppDelegate.swift in Sources */ = {isa = PBXBuildFile; fileRef = A916A65624F920C300D25F02 /* AppDelegate.swift */; };
		A916A65924F920C300D25F02 /* SceneDelegate.swift in Sources */ = {isa = PBXBuildFile; fileRef = A916A65824F920C300D25F02 /* SceneDelegate.swift */; };
		A916A65B24F920C300D25F02 /* ViewController.swift in Sources */ = {isa = PBXBuildFile; fileRef = A916A65A24F920C300D25F02 /* ViewController.swift */; };
		A916A65E24F920C300D25F02 /* Main.storyboard in Resources */ = {isa = PBXBuildFile; fileRef = A916A65C24F920C300D25F02 /* Main.storyboard */; };
		A916A66124F920C300D25F02 /* CoreDataDemo.xcdatamodeld in Sources */ = {isa = PBXBuildFile; fileRef = A916A65F24F920C300D25F02 /* CoreDataDemo.xcdatamodeld */; };
		A916A66324F920C400D25F02 /* Assets.xcassets in Resources */ = {isa = PBXBuildFile; fileRef = A916A66224F920C400D25F02 /* Assets.xcassets */; };
		A916A66624F920C400D25F02 /* LaunchScreen.storyboard in Resources */ = {isa = PBXBuildFile; fileRef = A916A66424F920C400D25F02 /* LaunchScreen.storyboard */; };
/* End PBXBuildFile section */

/* Begin PBXFileReference section */
		A90979E72500C0D000E2810E /* Person+CoreDataClass.swift */ = {isa = PBXFileReference; lastKnownFileType = sourcecode.swift; path = "Person+CoreDataClass.swift"; sourceTree = "<group>"; };
		A90979E82500C0D000E2810E /* Person+CoreDataProperties.swift */ = {isa = PBXFileReference; lastKnownFileType = sourcecode.swift; path = "Person+CoreDataProperties.swift"; sourceTree = "<group>"; };
		A90979E92500C0D000E2810E /* Family+CoreDataClass.swift */ = {isa = PBXFileReference; lastKnownFileType = sourcecode.swift; path = "Family+CoreDataClass.swift"; sourceTree = "<group>"; };
		A90979EA2500C0D000E2810E /* Family+CoreDataProperties.swift */ = {isa = PBXFileReference; lastKnownFileType = sourcecode.swift; path = "Family+CoreDataProperties.swift"; sourceTree = "<group>"; };
		A916A65324F920C300D25F02 /* CoreDataDemo.app */ = {isa = PBXFileReference; explicitFileType = wrapper.application; includeInIndex = 0; path = CoreDataDemo.app; sourceTree = BUILT_PRODUCTS_DIR; };
		A916A65624F920C300D25F02 /* AppDelegate.swift */ = {isa = PBXFileReference; lastKnownFileType = sourcecode.swift; path = AppDelegate.swift; sourceTree = "<group>"; };
		A916A65824F920C300D25F02 /* SceneDelegate.swift */ = {isa = PBXFileReference; lastKnownFileType = sourcecode.swift; path = SceneDelegate.swift; sourceTree = "<group>"; };
		A916A65A24F920C300D25F02 /* ViewController.swift */ = {isa = PBXFileReference; lastKnownFileType = sourcecode.swift; path = ViewController.swift; sourceTree = "<group>"; };
		A916A65D24F920C300D25F02 /* Base */ = {isa = PBXFileReference; lastKnownFileType = file.storyboard; name = Base; path = Base.lproj/Main.storyboard; sourceTree = "<group>"; };
		A916A66024F920C300D25F02 /* CoreDataDemo.xcdatamodel */ = {isa = PBXFileReference; lastKnownFileType = wrapper.xcdatamodel; path = CoreDataDemo.xcdatamodel; sourceTree = "<group>"; };
		A916A66224F920C400D25F02 /* Assets.xcassets */ = {isa = PBXFileReference; lastKnownFileType = folder.assetcatalog; path = Assets.xcassets; sourceTree = "<group>"; };
		A916A66524F920C400D25F02 /* Base */ = {isa = PBXFileReference; lastKnownFileType = file.storyboard; name = Base; path = Base.lproj/LaunchScreen.storyboard; sourceTree = "<group>"; };
		A916A66724F920C400D25F02 /* Info.plist */ = {isa = PBXFileReference; lastKnownFileType = text.plist.xml; path = Info.plist; sourceTree = "<group>"; };
/* End PBXFileReference section */

/* Begin PBXFrameworksBuildPhase section */
		A916A65024F920C300D25F02 /* Frameworks */ = {
			isa = PBXFrameworksBuildPhase;
			buildActionMask = 2147483647;
			files = (
			);
			runOnlyForDeploymentPostprocessing = 0;
		};
/* End PBXFrameworksBuildPhase section */

/* Begin PBXGroup section */
		A916A64A24F920C300D25F02 = {
			isa = PBXGroup;
			children = (
				A916A65524F920C300D25F02 /* CoreDataDemo */,
				A916A65424F920C300D25F02 /* Products */,
			);
			sourceTree = "<group>";
		};
		A916A65424F920C300D25F02 /* Products */ = {
			isa = PBXGroup;
			children = (
				A916A65324F920C300D25F02 /* CoreDataDemo.app */,
			);
			name = Products;
			sourceTree = "<group>";
		};
		A916A65524F920C300D25F02 /* CoreDataDemo */ = {
			isa = PBXGroup;
			children = (
				A916A67124F922A900D25F02 /* Model */,
				A916A65624F920C300D25F02 /* AppDelegate.swift */,
				A916A65824F920C300D25F02 /* SceneDelegate.swift */,
				A916A65A24F920C300D25F02 /* ViewController.swift */,
				A916A65C24F920C300D25F02 /* Main.storyboard */,
				A916A66224F920C400D25F02 /* Assets.xcassets */,
				A916A66424F920C400D25F02 /* LaunchScreen.storyboard */,
				A916A66724F920C400D25F02 /* Info.plist */,
				A916A65F24F920C300D25F02 /* CoreDataDemo.xcdatamodeld */,
			);
			path = CoreDataDemo;
			sourceTree = "<group>";
		};
		A916A67124F922A900D25F02 /* Model */ = {
			isa = PBXGroup;
			children = (
				A90979E72500C0D000E2810E /* Person+CoreDataClass.swift */,
				A90979E82500C0D000E2810E /* Person+CoreDataProperties.swift */,
				A90979E92500C0D000E2810E /* Family+CoreDataClass.swift */,
				A90979EA2500C0D000E2810E /* Family+CoreDataProperties.swift */,
			);
			path = Model;
			sourceTree = "<group>";
		};
/* End PBXGroup section */

/* Begin PBXNativeTarget section */
		A916A65224F920C300D25F02 /* CoreDataDemo */ = {
			isa = PBXNativeTarget;
			buildConfigurationList = A916A66A24F920C400D25F02 /* Build configuration list for PBXNativeTarget "CoreDataDemo" */;
			buildPhases = (
				A916A64F24F920C300D25F02 /* Sources */,
				A916A65024F920C300D25F02 /* Frameworks */,
				A916A65124F920C300D25F02 /* Resources */,
			);
			buildRules = (
			);
			dependencies = (
			);
			name = CoreDataDemo;
			productName = CoreDataDemo;
			productReference = A916A65324F920C300D25F02 /* CoreDataDemo.app */;
			productType = "com.apple.product-type.application";
		};
/* End PBXNativeTarget section */

/* Begin PBXProject section */
		A916A64B24F920C300D25F02 /* Project object */ = {
			isa = PBXProject;
			attributes = {
				LastSwiftUpdateCheck = 1160;
				LastUpgradeCheck = 1160;
				ORGANIZATIONNAME = "Indra Kurniawan";
				TargetAttributes = {
					A916A65224F920C300D25F02 = {
						CreatedOnToolsVersion = 11.6;
					};
				};
			};
			buildConfigurationList = A916A64E24F920C300D25F02 /* Build configuration list for PBXProject "CoreDataDemo" */;
			compatibilityVersion = "Xcode 9.3";
			developmentRegion = en;
			hasScannedForEncodings = 0;
			knownRegions = (
				en,
				Base,
			);
			mainGroup = A916A64A24F920C300D25F02;
			productRefGroup = A916A65424F920C300D25F02 /* Products */;
			projectDirPath = "";
			projectRoot = "";
			targets = (
				A916A65224F920C300D25F02 /* CoreDataDemo */,
			);
		};
/* End PBXProject section */

/* Begin PBXResourcesBuildPhase section */
		A916A65124F920C300D25F02 /* Resources */ = {
			isa = PBXResourcesBuildPhase;
			buildActionMask = 2147483647;
			files = (
				A916A66624F920C400D25F02 /* LaunchScreen.storyboard in Resources */,
				A916A66324F920C400D25F02 /* Assets.xcassets in Resources */,
				A916A65E24F920C300D25F02 /* Main.storyboard in Resources */,
			);
			runOnlyForDeploymentPostprocessing = 0;
		};
/* End PBXResourcesBuildPhase section */

/* Begin PBXSourcesBuildPhase section */
		A916A64F24F920C300D25F02 /* Sources */ = {
			isa = PBXSourcesBuildPhase;
			buildActionMask = 2147483647;
			files = (
				A916A65B24F920C300D25F02 /* ViewController.swift in Sources */,
				A916A66124F920C300D25F02 /* CoreDataDemo.xcdatamodeld in Sources */,
				A90979ED2500C0D000E2810E /* Family+CoreDataClass.swift in Sources */,
				A90979EC2500C0D000E2810E /* Person+CoreDataProperties.swift in Sources */,
				A90979EB2500C0D000E2810E /* Person+CoreDataClass.swift in Sources */,
				A916A65724F920C300D25F02 /* AppDelegate.swift in Sources */,
				A916A65924F920C300D25F02 /* SceneDelegate.swift in Sources */,
				A90979EE2500C0D000E2810E /* Family+CoreDataProperties.swift in Sources */,
			);
			runOnlyForDeploymentPostprocessing = 0;
		};
/* End PBXSourcesBuildPhase section */

/* Begin PBXVariantGroup section */
		A916A65C24F920C300D25F02 /* Main.storyboard */ = {
			isa = PBXVariantGroup;
			children = (
				A916A65D24F920C300D25F02 /* Base */,
			);
			name = Main.storyboard;
			sourceTree = "<group>";
		};
		A916A66424F920C400D25F02 /* LaunchScreen.storyboard */ = {
			isa = PBXVariantGroup;
			children = (
				A916A66524F920C400D25F02 /* Base */,
			);
			name = LaunchScreen.storyboard;
			sourceTree = "<group>";
		};
/* End PBXVariantGroup section */

/* Begin XCBuildConfiguration section */
		A916A66824F920C400D25F02 /* Debug */ = {
			isa = XCBuildConfiguration;
			buildSettings = {
				ALWAYS_SEARCH_USER_PATHS = NO;
				CLANG_ANALYZER_NONNULL = YES;
				CLANG_ANALYZER_NUMBER_OBJECT_CONVERSION = YES_AGGRESSIVE;
				CLANG_CXX_LANGUAGE_STANDARD = "gnu++14";
				CLANG_CXX_LIBRARY = "libc++";
				CLANG_ENABLE_MODULES = YES;
				CLANG_ENABLE_OBJC_ARC = YES;
				CLANG_ENABLE_OBJC_WEAK = YES;
				CLANG_WARN_BLOCK_CAPTURE_AUTORELEASING = YES;
				CLANG_WARN_BOOL_CONVERSION = YES;
				CLANG_WARN_COMMA = YES;
				CLANG_WARN_CONSTANT_CONVERSION = YES;
				CLANG_WARN_DEPRECATED_OBJC_IMPLEMENTATIONS = YES;
				CLANG_WARN_DIRECT_OBJC_ISA_USAGE = YES_ERROR;
				CLANG_WARN_DOCUMENTATION_COMMENTS = YES;
				CLANG_WARN_EMPTY_BODY = YES;
				CLANG_WARN_ENUM_CONVERSION = YES;
				CLANG_WARN_INFINITE_RECURSION = YES;
				CLANG_WARN_INT_CONVERSION = YES;
				CLANG_WARN_NON_LITERAL_NULL_CONVERSION = YES;
				CLANG_WARN_OBJC_IMPLICIT_RETAIN_SELF = YES;
				CLANG_WARN_OBJC_LITERAL_CONVERSION = YES;
				CLANG_WARN_OBJC_ROOT_CLASS = YES_ERROR;
				CLANG_WARN_RANGE_LOOP_ANALYSIS = YES;
				CLANG_WARN_STRICT_PROTOTYPES = YES;
				CLANG_WARN_SUSPICIOUS_MOVE = YES;
				CLANG_WARN_UNGUARDED_AVAILABILITY = YES_AGGRESSIVE;
				CLANG_WARN_UNREACHABLE_CODE = YES;
				CLANG_WARN__DUPLICATE_METHOD_MATCH = YES;
				COPY_PHASE_STRIP = NO;
				DEBUG_INFORMATION_FORMAT = dwarf;
				ENABLE_STRICT_OBJC_MSGSEND = YES;
				ENABLE_TESTABILITY = YES;
				GCC_C_LANGUAGE_STANDARD = gnu11;
				GCC_DYNAMIC_NO_PIC = NO;
				GCC_NO_COMMON_BLOCKS = YES;
				GCC_OPTIMIZATION_LEVEL = 0;
				GCC_PREPROCESSOR_DEFINITIONS = (
					"DEBUG=1",
					"$(inherited)",
				);
				GCC_WARN_64_TO_32_BIT_CONVERSION = YES;
				GCC_WARN_ABOUT_RETURN_TYPE = YES_ERROR;
				GCC_WARN_UNDECLARED_SELECTOR = YES;
				GCC_WARN_UNINITIALIZED_AUTOS = YES_AGGRESSIVE;
				GCC_WARN_UNUSED_FUNCTION = YES;
				GCC_WARN_UNUSED_VARIABLE = YES;
				IPHONEOS_DEPLOYMENT_TARGET = 13.6;
				MTL_ENABLE_DEBUG_INFO = INCLUDE_SOURCE;
				MTL_FAST_MATH = YES;
				ONLY_ACTIVE_ARCH = YES;
				SDKROOT = iphoneos;
				SWIFT_ACTIVE_COMPILATION_CONDITIONS = DEBUG;
				SWIFT_OPTIMIZATION_LEVEL = "-Onone";
			};
			name = Debug;
		};
		A916A66924F920C400D25F02 /* Release */ = {
			isa = XCBuildConfiguration;
			buildSettings = {
				ALWAYS_SEARCH_USER_PATHS = NO;
				CLANG_ANALYZER_NONNULL = YES;
				CLANG_ANALYZER_NUMBER_OBJECT_CONVERSION = YES_AGGRESSIVE;
				CLANG_CXX_LANGUAGE_STANDARD = "gnu++14";
				CLANG_CXX_LIBRARY = "libc++";
				CLANG_ENABLE_MODULES = YES;
				CLANG_ENABLE_OBJC_ARC = YES;
				CLANG_ENABLE_OBJC_WEAK = YES;
				CLANG_WARN_BLOCK_CAPTURE_AUTORELEASING = YES;
				CLANG_WARN_BOOL_CONVERSION = YES;
				CLANG_WARN_COMMA = YES;
				CLANG_WARN_CONSTANT_CONVERSION = YES;
				CLANG_WARN_DEPRECATED_OBJC_IMPLEMENTATIONS = YES;
				CLANG_WARN_DIRECT_OBJC_ISA_USAGE = YES_ERROR;
				CLANG_WARN_DOCUMENTATION_COMMENTS = YES;
				CLANG_WARN_EMPTY_BODY = YES;
				CLANG_WARN_ENUM_CONVERSION = YES;
				CLANG_WARN_INFINITE_RECURSION = YES;
				CLANG_WARN_INT_CONVERSION = YES;
				CLANG_WARN_NON_LITERAL_NULL_CONVERSION = YES;
				CLANG_WARN_OBJC_IMPLICIT_RETAIN_SELF = YES;
				CLANG_WARN_OBJC_LITERAL_CONVERSION = YES;
				CLANG_WARN_OBJC_ROOT_CLASS = YES_ERROR;
				CLANG_WARN_RANGE_LOOP_ANALYSIS = YES;
				CLANG_WARN_STRICT_PROTOTYPES = YES;
				CLANG_WARN_SUSPICIOUS_MOVE = YES;
				CLANG_WARN_UNGUARDED_AVAILABILITY = YES_AGGRESSIVE;
				CLANG_WARN_UNREACHABLE_CODE = YES;
				CLANG_WARN__DUPLICATE_METHOD_MATCH = YES;
				COPY_PHASE_STRIP = NO;
				DEBUG_INFORMATION_FORMAT = "dwarf-with-dsym";
				ENABLE_NS_ASSERTIONS = NO;
				ENABLE_STRICT_OBJC_MSGSEND = YES;
				GCC_C_LANGUAGE_STANDARD = gnu11;
				GCC_NO_COMMON_BLOCKS = YES;
				GCC_WARN_64_TO_32_BIT_CONVERSION = YES;
				GCC_WARN_ABOUT_RETURN_TYPE = YES_ERROR;
				GCC_WARN_UNDECLARED_SELECTOR = YES;
				GCC_WARN_UNINITIALIZED_AUTOS = YES_AGGRESSIVE;
				GCC_WARN_UNUSED_FUNCTION = YES;
				GCC_WARN_UNUSED_VARIABLE = YES;
				IPHONEOS_DEPLOYMENT_TARGET = 13.6;
				MTL_ENABLE_DEBUG_INFO = NO;
				MTL_FAST_MATH = YES;
				SDKROOT = iphoneos;
				SWIFT_COMPILATION_MODE = wholemodule;
				SWIFT_OPTIMIZATION_LEVEL = "-O";
				VALIDATE_PRODUCT = YES;
			};
			name = Release;
		};
		A916A66B24F920C400D25F02 /* Debug */ = {
			isa = XCBuildConfiguration;
			buildSettings = {
				ASSETCATALOG_COMPILER_APPICON_NAME = AppIcon;
				CODE_SIGN_STYLE = Automatic;
				DEVELOPMENT_TEAM = 9996YQR23Q;
				INFOPLIST_FILE = CoreDataDemo/Info.plist;
				LD_RUNPATH_SEARCH_PATHS = (
					"$(inherited)",
					"@executable_path/Frameworks",
				);
				PRODUCT_BUNDLE_IDENTIFIER = www.infinitelearning.id.CoreDataDemo;
				PRODUCT_NAME = "$(TARGET_NAME)";
				SWIFT_VERSION = 5.0;
				TARGETED_DEVICE_FAMILY = "1,2";
			};
			name = Debug;
		};
		A916A66C24F920C400D25F02 /* Release */ = {
			isa = XCBuildConfiguration;
			buildSettings = {
				ASSETCATALOG_COMPILER_APPICON_NAME = AppIcon;
				CODE_SIGN_STYLE = Automatic;
				DEVELOPMENT_TEAM = 9996YQR23Q;
				INFOPLIST_FILE = CoreDataDemo/Info.plist;
				LD_RUNPATH_SEARCH_PATHS = (
					"$(inherited)",
					"@executable_path/Frameworks",
				);
				PRODUCT_BUNDLE_IDENTIFIER = www.infinitelearning.id.CoreDataDemo;
				PRODUCT_NAME = "$(TARGET_NAME)";
				SWIFT_VERSION = 5.0;
				TARGETED_DEVICE_FAMILY = "1,2";
			};
			name = Release;
		};
/* End XCBuildConfiguration section */

/* Begin XCConfigurationList section */
		A916A64E24F920C300D25F02 /* Build configuration list for PBXProject "CoreDataDemo" */ = {
			isa = XCConfigurationList;
			buildConfigurations = (
				A916A66824F920C400D25F02 /* Debug */,
				A916A66924F920C400D25F02 /* Release */,
			);
			defaultConfigurationIsVisible = 0;
			defaultConfigurationName = Release;
		};
		A916A66A24F920C400D25F02 /* Build configuration list for PBXNativeTarget "CoreDataDemo" */ = {
			isa = XCConfigurationList;
			buildConfigurations = (
				A916A66B24F920C400D25F02 /* Debug */,
				A916A66C24F920C400D25F02 /* Release */,
			);
			defaultConfigurationIsVisible = 0;
			defaultConfigurationName = Release;
		};
/* End XCConfigurationList section */

/* Begin XCVersionGroup section */
		A916A65F24F920C300D25F02 /* CoreDataDemo.xcdatamodeld */ = {
			isa = XCVersionGroup;
			children = (
				A916A66024F920C300D25F02 /* CoreDataDemo.xcdatamodel */,
			);
			currentVersion = A916A66024F920C300D25F02 /* CoreDataDemo.xcdatamodel */;
			path = CoreDataDemo.xcdatamodeld;
			sourceTree = "<group>";
			versionGroupType = wrapper.xcdatamodel;
		};
/* End XCVersionGroup section */
	};
	rootObject = A916A64B24F920C300D25F02 /* Project object */;
}
